
Microsoft Visual Studio Solution File, Format Version 12.00
# Visual Studio 2012
Project("{FAE04EC0-301F-11D3-BF4B-00C04F79EFBC}") = "ChessLandPrj", "ChessLandPrj\ChessLandPrj.csproj", "{D743BCFB-B942-45CE-8E16-910553568330}"
EndProject
Project("{FAE04EC0-301F-11D3-BF4B-00C04F79EFBC}") = "GalleryDataHelper", "GalleryDataHelper\GalleryDataHelper.csproj", "{850E9B34-5DD7-4671-AFE7-E6939E19097C}"
EndProject
Global
	GlobalSection(SolutionConfigurationPlatforms) = preSolution
		Debug|Any CPU = Debug|Any CPU
		Release|Any CPU = Release|Any CPU
	EndGlobalSection
	GlobalSection(ProjectConfigurationPlatforms) = postSolution
		{D743BCFB-B942-45CE-8E16-910553568330}.Debug|Any CPU.ActiveCfg = Debug|Any CPU
		{D743BCFB-B942-45CE-8E16-910553568330}.Debug|Any CPU.Build.0 = Debug|Any CPU
		{D743BCFB-B942-45CE-8E16-910553568330}.Release|Any CPU.ActiveCfg = Release|Any CPU
		{D743BCFB-B942-45CE-8E16-910553568330}.Release|Any CPU.Build.0 = Release|Any CPU
		{850E9B34-5DD7-4671-AFE7-E6939E19097C}.Debug|Any CPU.ActiveCfg = Debug|Any CPU
		{850E9B34-5DD7-4671-AFE7-E6939E19097C}.Debug|Any CPU.Build.0 = Debug|Any CPU
		{850E9B34-5DD7-4671-AFE7-E6939E19097C}.Release|Any CPU.ActiveCfg = Release|Any CPU
		{850E9B34-5DD7-4671-AFE7-E6939E19097C}.Release|Any CPU.Build.0 = Release|Any CPU
	EndGlobalSection
	GlobalSection(SolutionProperties) = preSolution
		HideSolutionNode = FALSE
	EndGlobalSection
EndGlobal
